
Microsoft Visual Studio Solution File, Format Version 12.00
# Visual Studio Version 16
VisualStudioVersion = 16.0.31702.278
MinimumVisualStudioVersion = 10.0.40219.1
Project("{FAE04EC0-301F-11D3-BF4B-00C04F79EFBC}") = "BookClub_GUI", "BookClub_GUI\BookClub_GUI.csproj", "{F3C8900C-C52F-4DF0-B1AF-2B7968D5A805}"
EndProject
Global
	GlobalSection(SolutionConfigurationPlatforms) = preSolution
		Debug|Any CPU = Debug|Any CPU
		Release|Any CPU = Release|Any CPU
	EndGlobalSection
	GlobalSection(ProjectConfigurationPlatforms) = postSolution
		{F3C8900C-C52F-4DF0-B1AF-2B7968D5A805}.Debug|Any CPU.ActiveCfg = Debug|Any CPU
		{F3C8900C-C52F-4DF0-B1AF-2B7968D5A805}.Debug|Any CPU.Build.0 = Debug|Any CPU
		{F3C8900C-C52F-4DF0-B1AF-2B7968D5A805}.Release|Any CPU.ActiveCfg = Release|Any CPU
		{F3C8900C-C52F-4DF0-B1AF-2B7968D5A805}.Release|Any CPU.Build.0 = Release|Any CPU
	EndGlobalSection
	GlobalSection(SolutionProperties) = preSolution
		HideSolutionNode = FALSE
	EndGlobalSection
	GlobalSection(ExtensibilityGlobals) = postSolution
		SolutionGuid = {C73A1AF8-3FA3-4DD6-97DC-0AD40A96DB63}
	EndGlobalSection
EndGlobal
